#MicroXplorer Configuration settings - do not modify
CORTEX_M7.AccessPermission-Cortex_Memory_Protection_Unit_Region0_Settings=MPU_REGION_FULL_ACCESS
CORTEX_M7.AccessPermission-Cortex_Memory_Protection_Unit_Region2_Settings=MPU_REGION_FULL_ACCESS
CORTEX_M7.AccessPermission-Cortex_Memory_Protection_Unit_Region4_Settings=MPU_REGION_FULL_ACCESS
CORTEX_M7.BaseAddress-Cortex_Memory_Protection_Unit_Region0_Settings=0x24000000
CORTEX_M7.BaseAddress-Cortex_Memory_Protection_Unit_Region1_Settings=0x70000000
CORTEX_M7.BaseAddress-Cortex_Memory_Protection_Unit_Region2_Settings=0x70000000
CORTEX_M7.BaseAddress-Cortex_Memory_Protection_Unit_Region3_Settings=0x90000000
CORTEX_M7.BaseAddress-Cortex_Memory_Protection_Unit_Region4_Settings=0x90000000
CORTEX_M7.CPU_DCache=Enabled
CORTEX_M7.CPU_ICache=Enabled
CORTEX_M7.DisableExec-Cortex_Memory_Protection_Unit_Region0_Settings=MPU_INSTRUCTION_ACCESS_DISABLE
CORTEX_M7.DisableExec-Cortex_Memory_Protection_Unit_Region1_Settings=MPU_INSTRUCTION_ACCESS_DISABLE
CORTEX_M7.DisableExec-Cortex_Memory_Protection_Unit_Region2_Settings=MPU_INSTRUCTION_ACCESS_DISABLE
CORTEX_M7.DisableExec-Cortex_Memory_Protection_Unit_Region3_Settings=MPU_INSTRUCTION_ACCESS_DISABLE
CORTEX_M7.DisableExec-Cortex_Memory_Protection_Unit_Region4_Settings=MPU_INSTRUCTION_ACCESS_DISABLE
CORTEX_M7.Enable-Cortex_Memory_Protection_Unit_Region0_Settings=MPU_REGION_ENABLE
CORTEX_M7.Enable-Cortex_Memory_Protection_Unit_Region1_Settings=MPU_REGION_ENABLE
CORTEX_M7.Enable-Cortex_Memory_Protection_Unit_Region2_Settings=MPU_REGION_ENABLE
CORTEX_M7.Enable-Cortex_Memory_Protection_Unit_Region3_Settings=MPU_REGION_ENABLE
CORTEX_M7.Enable-Cortex_Memory_Protection_Unit_Region4_Settings=MPU_REGION_ENABLE
CORTEX_M7.IPParameters=CPU_ICache,CPU_DCache,MPU_Control,Enable-Cortex_Memory_Protection_Unit_Region0_Settings,BaseAddress-Cortex_Memory_Protection_Unit_Region0_Settings,Size-Cortex_Memory_Protection_Unit_Region0_Settings,AccessPermission-Cortex_Memory_Protection_Unit_Region0_Settings,DisableExec-Cortex_Memory_Protection_Unit_Region0_Settings,IsCacheable-Cortex_Memory_Protection_Unit_Region0_Settings,IsBufferable-Cortex_Memory_Protection_Unit_Region0_Settings,Enable-Cortex_Memory_Protection_Unit_Region1_Settings,BaseAddress-Cortex_Memory_Protection_Unit_Region1_Settings,Size-Cortex_Memory_Protection_Unit_Region1_Settings,DisableExec-Cortex_Memory_Protection_Unit_Region1_Settings,Enable-Cortex_Memory_Protection_Unit_Region2_Settings,BaseAddress-Cortex_Memory_Protection_Unit_Region2_Settings,Size-Cortex_Memory_Protection_Unit_Region2_Settings,AccessPermission-Cortex_Memory_Protection_Unit_Region2_Settings,DisableExec-Cortex_Memory_Protection_Unit_Region2_Settings,IsCacheable-Cortex_Memory_Protection_Unit_Region2_Settings,IsBufferable-Cortex_Memory_Protection_Unit_Region2_Settings,Enable-Cortex_Memory_Protection_Unit_Region3_Settings,BaseAddress-Cortex_Memory_Protection_Unit_Region3_Settings,Size-Cortex_Memory_Protection_Unit_Region3_Settings,DisableExec-Cortex_Memory_Protection_Unit_Region3_Settings,Enable-Cortex_Memory_Protection_Unit_Region4_Settings,BaseAddress-Cortex_Memory_Protection_Unit_Region4_Settings,Size-Cortex_Memory_Protection_Unit_Region4_Settings,DisableExec-Cortex_Memory_Protection_Unit_Region4_Settings,IsCacheable-Cortex_Memory_Protection_Unit_Region4_Settings,AccessPermission-Cortex_Memory_Protection_Unit_Region4_Settings
CORTEX_M7.IsBufferable-Cortex_Memory_Protection_Unit_Region0_Settings=MPU_ACCESS_BUFFERABLE
CORTEX_M7.IsBufferable-Cortex_Memory_Protection_Unit_Region2_Settings=MPU_ACCESS_BUFFERABLE
CORTEX_M7.IsCacheable-Cortex_Memory_Protection_Unit_Region0_Settings=MPU_ACCESS_CACHEABLE
CORTEX_M7.IsCacheable-Cortex_Memory_Protection_Unit_Region2_Settings=MPU_ACCESS_CACHEABLE
CORTEX_M7.IsCacheable-Cortex_Memory_Protection_Unit_Region4_Settings=MPU_ACCESS_CACHEABLE
CORTEX_M7.MPU_Control=MPU_PRIVILEGED_DEFAULT
CORTEX_M7.Size-Cortex_Memory_Protection_Unit_Region0_Settings=MPU_REGION_SIZE_512KB
CORTEX_M7.Size-Cortex_Memory_Protection_Unit_Region1_Settings=MPU_REGION_SIZE_512MB
CORTEX_M7.Size-Cortex_Memory_Protection_Unit_Region2_Settings=MPU_REGION_SIZE_8MB
CORTEX_M7.Size-Cortex_Memory_Protection_Unit_Region3_Settings=MPU_REGION_SIZE_512MB
CORTEX_M7.Size-Cortex_Memory_Protection_Unit_Region4_Settings=MPU_REGION_SIZE_64MB
DMA2D.ColorMode=DMA2D_OUTPUT_RGB888
DMA2D.IPParameters=Mode,ColorMode
DMA2D.Mode=DMA2D_R2M
FREERTOS.FootprintOK=true
FREERTOS.IPParameters=Tasks01,FootprintOK,configUSE_IDLE_HOOK,configUSE_APPLICATION_TASK_TAG
FREERTOS.Tasks01=defaultTask,24,128,StartDefaultTask,Default,NULL,Dynamic,NULL,NULL;TouchGFXTask,24,1024,TouchGFX_Task,As external,NULL,Dynamic,NULL,NULL
FREERTOS.configUSE_APPLICATION_TASK_TAG=1
FREERTOS.configUSE_IDLE_HOOK=1
File.Version=6
GPIO.groupedBy=Group By Peripherals
KeepUserPlacement=false
LTDC.ActiveH=272
LTDC.ActiveW=480
LTDC.Alpha_L0=255
LTDC.FBStartAdress_L0=0x70000000
LTDC.FBStartAdress_L1=0x70000000
LTDC.HBP=13
LTDC.HFP=32
LTDC.HSync=41
LTDC.IPParameters=Layers,PixelFormat_L0,HSync,HBP,ActiveW,HFP,VSync,ActiveH,WindowX1_L0,WindowY1_L0,Alpha_L0,ImageWidth_L0,ImageHeight_L0,FBStartAdress_L0,FBStartAdress_L1
LTDC.ImageHeight_L0=272
LTDC.ImageWidth_L0=480
LTDC.Layers=0
LTDC.PixelFormat_L0=LTDC_PIXEL_FORMAT_RGB888
LTDC.VSync=10
LTDC.WindowX1_L0=480
LTDC.WindowY1_L0=272
Mcu.Family=STM32H7
Mcu.IP0=CORTEX_M7
Mcu.IP1=CRC
Mcu.IP2=DMA2D
Mcu.IP3=FREERTOS
Mcu.IP4=LTDC
Mcu.IP5=NVIC
Mcu.IP6=OCTOSPI1
Mcu.IP7=OCTOSPI2
Mcu.IP8=RCC
Mcu.IP9=SYS
Mcu.IPNb=10
Mcu.Name=STM32H735IGKx
Mcu.Package=UFBGA176
Mcu.Pin0=PB8
Mcu.Pin1=PG11
Mcu.Pin10=PE1
Mcu.Pin11=PG14
Mcu.Pin12=PG10
Mcu.Pin13=PD4
Mcu.Pin14=PD0
Mcu.Pin15=PG15
Mcu.Pin16=PG12
Mcu.Pin17=PD6
Mcu.Pin18=PH15
Mcu.Pin19=PC7
Mcu.Pin2=PG9
Mcu.Pin20=PC6
Mcu.Pin21=PF1
Mcu.Pin22=PF0
Mcu.Pin23=PG6
Mcu.Pin24=PF2
Mcu.Pin25=PG7
Mcu.Pin26=PF4
Mcu.Pin27=PF3
Mcu.Pin28=PD13
Mcu.Pin29=PH0-OSC_IN
Mcu.Pin3=PD3
Mcu.Pin30=PD11
Mcu.Pin31=PD12
Mcu.Pin32=PH1-OSC_OUT
Mcu.Pin33=PF10
Mcu.Pin34=PD10
Mcu.Pin35=PC2
Mcu.Pin36=PC3
Mcu.Pin37=PB1
Mcu.Pin38=PH11
Mcu.Pin39=PH9
Mcu.Pin4=PB9
Mcu.Pin40=PA3
Mcu.Pin41=PG1
Mcu.Pin42=PH8
Mcu.Pin43=PH10
Mcu.Pin44=PH4
Mcu.Pin45=PA4
Mcu.Pin46=PB2
Mcu.Pin47=PG0
Mcu.Pin48=PF12
Mcu.Pin49=PE12
Mcu.Pin5=PE0
Mcu.Pin50=PE13
Mcu.Pin51=PE15
Mcu.Pin52=PH3
Mcu.Pin53=PA6
Mcu.Pin54=PB0
Mcu.Pin55=PE11
Mcu.Pin56=VP_CRC_VS_CRC
Mcu.Pin57=VP_DMA2D_VS_DMA2D
Mcu.Pin58=VP_FREERTOS_VS_CMSIS_V2
Mcu.Pin59=VP_OCTOSPI1_VS_octo
Mcu.Pin6=PD7
Mcu.Pin60=VP_OCTOSPI2_VS_octo
Mcu.Pin61=VP_SYS_VS_tim6
Mcu.Pin62=VP_STMicroelectronics.X-CUBE-TOUCHGFX_VS_GraphicsJjApplication_4.18.1
Mcu.Pin7=PD5
Mcu.Pin8=PA8
Mcu.Pin9=PE2
Mcu.PinsNb=63
Mcu.ThirdParty0=STMicroelectronics.X-CUBE-TOUCHGFX.4.18.1
Mcu.ThirdPartyNb=1
Mcu.UserConstants=
Mcu.UserName=STM32H735IGKx
MxCube.Version=6.3.0
MxDb.Version=DB.6.0.30
NVIC.BusFault_IRQn=true\:0\:0\:false\:false\:true\:false\:false\:false
NVIC.DMA2D_IRQn=true\:5\:0\:true\:false\:true\:false\:true\:true
NVIC.DebugMonitor_IRQn=true\:0\:0\:false\:false\:true\:false\:false\:false
NVIC.ForceEnableDMAVector=true
NVIC.HardFault_IRQn=true\:0\:0\:false\:false\:true\:false\:false\:false
NVIC.LTDC_IRQn=true\:5\:0\:true\:false\:true\:false\:true\:true
NVIC.MemoryManagement_IRQn=true\:0\:0\:false\:false\:true\:false\:false\:false
NVIC.NonMaskableInt_IRQn=true\:0\:0\:false\:false\:true\:false\:false\:false
NVIC.PendSV_IRQn=true\:15\:0\:false\:false\:false\:true\:false\:false
NVIC.PriorityGroup=NVIC_PRIORITYGROUP_4
NVIC.SVCall_IRQn=true\:0\:0\:false\:false\:false\:false\:false\:false
NVIC.SavedPendsvIrqHandlerGenerated=true
NVIC.SavedSvcallIrqHandlerGenerated=true
NVIC.SavedSystickIrqHandlerGenerated=true
NVIC.SysTick_IRQn=true\:15\:0\:false\:false\:false\:true\:false\:true
NVIC.TIM6_DAC_IRQn=true\:0\:0\:false\:false\:true\:false\:false\:true
NVIC.TimeBase=TIM6_DAC_IRQn
NVIC.TimeBaseIP=TIM6
NVIC.UsageFault_IRQn=true\:0\:0\:false\:false\:true\:false\:false\:false
OCTOSPI1.ChipSelectBoundary=0
OCTOSPI1.ChipSelectHighTime=2
OCTOSPI1.ClockPrescaler=2
OCTOSPI1.FifoThreshold=4
OCTOSPI1.IPParameters=ClockPrescaler,FifoThreshold,MemoryType,ChipSelectHighTime,ChipSelectBoundary
OCTOSPI1.MemoryType=HAL_OSPI_MEMTYPE_MACRONIX
OCTOSPI2.AccessTime=6
OCTOSPI2.ChipSelectBoundary=23
OCTOSPI2.ChipSelectHighTime=4
OCTOSPI2.ClkChipSelectHighTime=0
OCTOSPI2.ClockPrescaler=2
OCTOSPI2.DelayBlockBypass=HAL_OSPI_DELAY_BLOCK_USED
OCTOSPI2.DelayHoldQuarterCycle=HAL_OSPI_DHQC_ENABLE
OCTOSPI2.DeviceSize=24
OCTOSPI2.FifoThreshold=4
OCTOSPI2.IPParameters=FifoThreshold,ChipSelectHighTime,DelayHoldQuarterCycle,ChipSelectBoundary,ClkChipSelectHighTime,Refresh,RWRecoveryTime,AccessTime,LatencyMode,WriteZeroLatency,ClockPrescaler,DeviceSize,DelayBlockBypass
OCTOSPI2.LatencyMode=HAL_OSPI_FIXED_LATENCY
OCTOSPI2.RWRecoveryTime=3
OCTOSPI2.Refresh=400
OCTOSPI2.WriteZeroLatency=HAL_OSPI_LATENCY_ON_WRITE
PA3.GPIOParameters=GPIO_Speed
PA3.GPIO_Speed=GPIO_SPEED_FREQ_VERY_HIGH
PA3.Locked=true
PA3.Mode=RGB888
PA3.Signal=LTDC_B5
PA4.GPIOParameters=GPIO_Speed
PA4.GPIO_Speed=GPIO_SPEED_FREQ_VERY_HIGH
PA4.Locked=true
PA4.Mode=RGB888
PA4.Signal=LTDC_VSYNC
PA6.GPIOParameters=GPIO_Speed
PA6.GPIO_Speed=GPIO_SPEED_FREQ_VERY_HIGH
PA6.Locked=true
PA6.Mode=RGB888
PA6.Signal=LTDC_G2
PA8.GPIOParameters=GPIO_Speed
PA8.GPIO_Speed=GPIO_SPEED_FREQ_VERY_HIGH
PA8.Locked=true
PA8.Mode=RGB888
PA8.Signal=LTDC_B3
PB0.GPIOParameters=GPIO_Speed
PB0.GPIO_Speed=GPIO_SPEED_FREQ_VERY_HIGH
PB0.Locked=true
PB0.Mode=RGB888
PB0.Signal=LTDC_G1
PB1.GPIOParameters=GPIO_Speed
PB1.GPIO_Speed=GPIO_SPEED_FREQ_VERY_HIGH
PB1.Locked=true
PB1.Mode=RGB888
PB1.Signal=LTDC_G0
PB2.Locked=true
PB2.Mode=OCTOSPI1_Port1_DQS
PB2.Signal=OCTOSPIM_P1_DQS
PB8.GPIOParameters=GPIO_Speed
PB8.GPIO_Speed=GPIO_SPEED_FREQ_VERY_HIGH
PB8.Mode=RGB888
PB8.Signal=LTDC_B6
PB9.GPIOParameters=GPIO_Speed
PB9.GPIO_Speed=GPIO_SPEED_FREQ_VERY_HIGH
PB9.Mode=RGB888
PB9.Signal=LTDC_B7
PC2.GPIOParameters=GPIO_Speed,PinState,GPIO_PuPd,GPIO_Label
PC2.GPIO_Label=RENDER_TIME
PC2.GPIO_PuPd=GPIO_PULLUP
PC2.GPIO_Speed=GPIO_SPEED_FREQ_VERY_HIGH
PC2.Locked=true
PC2.PinState=GPIO_PIN_SET
PC2.Signal=GPIO_Output
PC3.GPIOParameters=GPIO_Speed,PinState,GPIO_PuPd,GPIO_Label
PC3.GPIO_Label=VSYNC_FREQ
PC3.GPIO_PuPd=GPIO_PULLUP
PC3.GPIO_Speed=GPIO_SPEED_FREQ_VERY_HIGH
PC3.Locked=true
PC3.PinState=GPIO_PIN_SET
PC3.Signal=GPIO_Output
PC6.GPIOParameters=GPIO_Speed
PC6.GPIO_Speed=GPIO_SPEED_FREQ_VERY_HIGH
PC6.Mode=RGB888
PC6.Signal=LTDC_HSYNC
PC7.GPIOParameters=GPIO_Speed
PC7.GPIO_Speed=GPIO_SPEED_FREQ_VERY_HIGH
PC7.Mode=RGB888
PC7.Signal=LTDC_G6
PD0.GPIOParameters=GPIO_Speed
PD0.GPIO_Speed=GPIO_SPEED_FREQ_VERY_HIGH
PD0.Mode=RGB888
PD0.Signal=LTDC_B1
PD10.GPIOParameters=GPIO_Speed,PinState,GPIO_PuPd,GPIO_Label
PD10.GPIO_Label=LCD_DISP
PD10.GPIO_PuPd=GPIO_NOPULL
PD10.GPIO_Speed=GPIO_SPEED_FREQ_LOW
PD10.Locked=true
PD10.PinState=GPIO_PIN_RESET
PD10.Signal=GPIO_Output
PD11.Locked=true
PD11.Mode=OCTOSPI1_IOL_Port1L
PD11.Signal=OCTOSPIM_P1_IO0
PD12.Locked=true
PD12.Mode=OCTOSPI1_IOL_Port1L
PD12.Signal=OCTOSPIM_P1_IO1
PD13.Locked=true
PD13.Mode=OCTOSPI1_IOL_Port1L
PD13.Signal=OCTOSPIM_P1_IO3
PD3.GPIOParameters=GPIO_Speed
PD3.GPIO_Speed=GPIO_SPEED_FREQ_VERY_HIGH
PD3.Mode=RGB888
PD3.Signal=LTDC_G7
PD4.Mode=OCTOSPI1_IOH_Port1H
PD4.Signal=OCTOSPIM_P1_IO4
PD5.Mode=OCTOSPI1_IOH_Port1H
PD5.Signal=OCTOSPIM_P1_IO5
PD6.GPIOParameters=GPIO_Speed
PD6.GPIO_Speed=GPIO_SPEED_FREQ_VERY_HIGH
PD6.Locked=true
PD6.Mode=RGB888
PD6.Signal=LTDC_B2
PD7.Mode=OCTOSPI1_IOH_Port1H
PD7.Signal=OCTOSPIM_P1_IO7
PE0.GPIOParameters=GPIO_Speed
PE0.GPIO_Speed=GPIO_SPEED_FREQ_VERY_HIGH
PE0.Mode=RGB888
PE0.Signal=LTDC_R0
PE1.GPIOParameters=GPIO_Speed
PE1.GPIO_Speed=GPIO_SPEED_FREQ_VERY_HIGH
PE1.Locked=true
PE1.Mode=RGB888
PE1.Signal=LTDC_R6
PE11.GPIOParameters=GPIO_Speed
PE11.GPIO_Speed=GPIO_SPEED_FREQ_VERY_HIGH
PE11.Locked=true
PE11.Mode=RGB888
PE11.Signal=LTDC_G3
PE12.GPIOParameters=GPIO_Speed
PE12.GPIO_Speed=GPIO_SPEED_FREQ_VERY_HIGH
PE12.Locked=true
PE12.Mode=RGB888
PE12.Signal=LTDC_B4
PE13.GPIOParameters=GPIO_Speed
PE13.GPIO_Speed=GPIO_SPEED_FREQ_VERY_HIGH
PE13.Locked=true
PE13.Mode=RGB888
PE13.Signal=LTDC_DE
PE15.GPIOParameters=GPIO_Speed
PE15.GPIO_Speed=GPIO_SPEED_FREQ_VERY_HIGH
PE15.Locked=true
PE15.Mode=RGB888
PE15.Signal=LTDC_R7
PE2.Mode=OCTOSPI1_IOL_Port1L
PE2.Signal=OCTOSPIM_P1_IO2
PF0.Mode=OCTOSPI2_IOL_Port2L
PF0.Signal=OCTOSPIM_P2_IO0
PF1.Mode=OCTOSPI2_IOL_Port2L
PF1.Signal=OCTOSPIM_P2_IO1
PF10.Locked=true
PF10.Mode=O1_P1_CLK
PF10.Signal=OCTOSPIM_P1_CLK
PF12.Mode=OCTOSPI2_Port2_DQS
PF12.Signal=OCTOSPIM_P2_DQS
PF2.Mode=OCTOSPI2_IOL_Port2L
PF2.Signal=OCTOSPIM_P2_IO2
PF3.Mode=OCTOSPI2_IOL_Port2L
PF3.Signal=OCTOSPIM_P2_IO3
PF4.Mode=O2_P2_CLK
PF4.Signal=OCTOSPIM_P2_CLK
PG0.Mode=OCTOSPI2_IOH_Port2H
PG0.Signal=OCTOSPIM_P2_IO4
PG1.Mode=OCTOSPI2_IOH_Port2H
PG1.Signal=OCTOSPIM_P2_IO5
PG10.Mode=OCTOSPI2_IOH_Port2H
PG10.Signal=OCTOSPIM_P2_IO6
PG11.Mode=OCTOSPI2_IOH_Port2H
PG11.Signal=OCTOSPIM_P2_IO7
PG12.Mode=OCTOSPI2_Port2_NCS
PG12.Signal=OCTOSPIM_P2_NCS
PG14.GPIOParameters=GPIO_Speed
PG14.GPIO_Speed=GPIO_SPEED_FREQ_VERY_HIGH
PG14.Locked=true
PG14.Mode=RGB888
PG14.Signal=LTDC_B0
PG15.GPIOParameters=GPIO_Label
PG15.GPIO_Label=LCD_BL_CTRL
PG15.Locked=true
PG15.Signal=GPIO_Output
PG6.Locked=true
PG6.Mode=OCTOSPI1_Port1_NCS
PG6.Signal=OCTOSPIM_P1_NCS
PG7.GPIOParameters=GPIO_Speed
PG7.GPIO_Speed=GPIO_SPEED_FREQ_VERY_HIGH
PG7.Mode=RGB888
PG7.Signal=LTDC_CLK
PG9.Mode=OCTOSPI1_IOH_Port1H
PG9.Signal=OCTOSPIM_P1_IO6
PH0-OSC_IN.Mode=HSE-External-Oscillator
PH0-OSC_IN.Signal=RCC_OSC_IN
PH1-OSC_OUT.Mode=HSE-External-Oscillator
PH1-OSC_OUT.Signal=RCC_OSC_OUT
PH10.GPIOParameters=GPIO_Speed
PH10.GPIO_Speed=GPIO_SPEED_FREQ_VERY_HIGH
PH10.Locked=true
PH10.Mode=RGB888
PH10.Signal=LTDC_R4
PH11.GPIOParameters=GPIO_Speed
PH11.GPIO_Speed=GPIO_SPEED_FREQ_VERY_HIGH
PH11.Locked=true
PH11.Mode=RGB888
PH11.Signal=LTDC_R5
PH15.GPIOParameters=GPIO_Speed
PH15.GPIO_Speed=GPIO_SPEED_FREQ_VERY_HIGH
PH15.Mode=RGB888
PH15.Signal=LTDC_G4
PH3.GPIOParameters=GPIO_Speed
PH3.GPIO_Speed=GPIO_SPEED_FREQ_VERY_HIGH
PH3.Locked=true
PH3.Mode=RGB888
PH3.Signal=LTDC_R1
PH4.GPIOParameters=GPIO_Speed
PH4.GPIO_Speed=GPIO_SPEED_FREQ_VERY_HIGH
PH4.Locked=true
PH4.Mode=RGB888
PH4.Signal=LTDC_G5
PH8.GPIOParameters=GPIO_Speed
PH8.GPIO_Speed=GPIO_SPEED_FREQ_VERY_HIGH
PH8.Locked=true
PH8.Mode=RGB888
PH8.Signal=LTDC_R2
PH9.GPIOParameters=GPIO_Speed
PH9.GPIO_Speed=GPIO_SPEED_FREQ_VERY_HIGH
PH9.Locked=true
PH9.Mode=RGB888
PH9.Signal=LTDC_R3
PinOutPanel.CurrentBGAView=Top
PinOutPanel.RotationAngle=0
ProjectManager.AskForMigrate=true
ProjectManager.BackupPrevious=false
ProjectManager.CompilerOptimize=6
ProjectManager.ComputerToolchain=false
ProjectManager.CoupleFile=false
ProjectManager.CustomerFirmwarePackage=
ProjectManager.DefaultFWLocation=true
ProjectManager.DeletePrevious=true
ProjectManager.DeviceId=STM32H735IGKx
ProjectManager.FirmwarePackage=STM32Cube FW_H7 V1.9.0
ProjectManager.FreePins=false
ProjectManager.HalAssertFull=false
ProjectManager.HeapSize=0x1000
ProjectManager.KeepUserCode=true
ProjectManager.LastFirmware=true
ProjectManager.LibraryCopy=1
ProjectManager.MainLocation=Core/Src
ProjectManager.NoMain=false
ProjectManager.PreviousToolchain=
ProjectManager.ProjectBuild=false
ProjectManager.ProjectFileName=STM32H735G-DK.ioc
ProjectManager.ProjectName=STM32H735G-DK
ProjectManager.RegisterCallBack=
ProjectManager.StackSize=0x1000
ProjectManager.TargetToolchain=STM32CubeIDE
ProjectManager.ToolChainLocation=
ProjectManager.UnderRoot=false
ProjectManager.functionlistsort=1-MX_GPIO_Init-GPIO-false-HAL-true,2-SystemClock_Config-RCC-false-HAL-false,3-MX_CRC_Init-CRC-false-HAL-true,4-MX_DMA2D_Init-DMA2D-false-HAL-true,5-MX_LTDC_Init-LTDC-false-HAL-true,6-MX_OCTOSPI1_Init-OCTOSPI1-false-HAL-true,7-MX_OCTOSPI2_Init-OCTOSPI2-false-HAL-true,9-MX_TouchGFX_Init-STMicroelectronics.X-CUBE-TOUCHGFX.4.18.1-false-HAL-false,10-MX_TouchGFX_Process-STMicroelectronics.X-CUBE-TOUCHGFX.4.18.1-false-HAL-false,0-MX_CORTEX_M7_Init-CORTEX_M7-false-HAL-true
RCC.ADCFreq_Value=200000000
RCC.AHB12Freq_Value=275000000
RCC.AHB4Freq_Value=275000000
RCC.APB1Freq_Value=137500000
RCC.APB2Freq_Value=137500000
RCC.APB3Freq_Value=137500000
RCC.APB4Freq_Value=137500000
RCC.AXIClockFreq_Value=275000000
RCC.CECFreq_Value=32000
RCC.CKPERFreq_Value=64000000
RCC.CortexFreq_Value=550000000
RCC.CpuClockFreq_Value=550000000
RCC.D1CPREFreq_Value=550000000
RCC.D1PPRE=RCC_APB3_DIV2
RCC.D2PPRE1=RCC_APB1_DIV2
RCC.D2PPRE2=RCC_APB2_DIV2
RCC.D3PPRE=RCC_APB4_DIV2
RCC.DFSDMACLkFreq_Value=275000000
RCC.DFSDMFreq_Value=137500000
RCC.DIVM1=2
RCC.DIVM2=5
RCC.DIVM3=25
RCC.DIVN1=44
RCC.DIVN2=80
RCC.DIVN3=288
RCC.DIVP1=1
RCC.DIVP1Freq_Value=550000000
RCC.DIVP2Freq_Value=200000000
RCC.DIVP3Freq_Value=144000000
RCC.DIVQ1Freq_Value=275000000
RCC.DIVQ2Freq_Value=200000000
RCC.DIVQ3Freq_Value=144000000
RCC.DIVR1Freq_Value=275000000
RCC.DIVR2Freq_Value=200000000
RCC.DIVR3=30
RCC.DIVR3Freq_Value=9600000
RCC.FDCANFreq_Value=275000000
RCC.FMCFreq_Value=275000000
RCC.FamilyName=M
RCC.HCLK3ClockFreq_Value=275000000
RCC.HCLKFreq_Value=275000000
RCC.HPRE=RCC_HCLK_DIV2
RCC.I2C123Freq_Value=137500000
RCC.I2C4Freq_Value=137500000
RCC.IPParameters=ADCFreq_Value,AHB12Freq_Value,AHB4Freq_Value,APB1Freq_Value,APB2Freq_Value,APB3Freq_Value,APB4Freq_Value,AXIClockFreq_Value,CECFreq_Value,CKPERFreq_Value,CortexFreq_Value,CpuClockFreq_Value,D1CPREFreq_Value,D1PPRE,D2PPRE1,D2PPRE2,D3PPRE,DFSDMACLkFreq_Value,DFSDMFreq_Value,DIVM1,DIVM2,DIVM3,DIVN1,DIVN2,DIVN3,DIVP1,DIVP1Freq_Value,DIVP2Freq_Value,DIVP3Freq_Value,DIVQ1Freq_Value,DIVQ2Freq_Value,DIVQ3Freq_Value,DIVR1Freq_Value,DIVR2Freq_Value,DIVR3,DIVR3Freq_Value,FDCANFreq_Value,FMCFreq_Value,FamilyName,HCLK3ClockFreq_Value,HCLKFreq_Value,HPRE,I2C123Freq_Value,I2C4Freq_Value,LPTIM1Freq_Value,LPTIM2Freq_Value,LPTIM345Freq_Value,LPUART1Freq_Value,LTDCFreq_Value,MCO1PinFreq_Value,MCO2PinFreq_Value,PLL2FRACN,PLL3FRACN,PLLFRACN,PLLSourceVirtual,QSPICLockSelection,QSPIFreq_Value,RNGFreq_Value,RTCFreq_Value,SAI1Freq_Value,SAI4AFreq_Value,SAI4BFreq_Value,SDMMCFreq_Value,SPDIFRXFreq_Value,SPI123Freq_Value,SPI45Freq_Value,SPI6Freq_Value,SWPMI1Freq_Value,SYSCLKFreq_VALUE,SYSCLKSource,SupplySource,Tim1OutputFreq_Value,Tim2OutputFreq_Value,TraceFreq_Value,USART16Freq_Value,USART234578Freq_Value,USBFreq_Value,VCO1OutputFreq_Value,VCO2OutputFreq_Value,VCO3OutputFreq_Value,VCOInput1Freq_Value,VCOInput2Freq_Value,VCOInput3Freq_Value
RCC.LPTIM1Freq_Value=137500000
RCC.LPTIM2Freq_Value=137500000
RCC.LPTIM345Freq_Value=137500000
RCC.LPUART1Freq_Value=137500000
RCC.LTDCFreq_Value=9600000
RCC.MCO1PinFreq_Value=64000000
RCC.MCO2PinFreq_Value=550000000
RCC.PLL2FRACN=0
RCC.PLL3FRACN=0
RCC.PLLFRACN=0
RCC.PLLSourceVirtual=RCC_PLLSOURCE_HSE
RCC.QSPICLockSelection=RCC_OSPICLKSOURCE_PLL2
RCC.QSPIFreq_Value=200000000
RCC.RNGFreq_Value=48000000
RCC.RTCFreq_Value=32000
RCC.SAI1Freq_Value=275000000
RCC.SAI4AFreq_Value=275000000
RCC.SAI4BFreq_Value=275000000
RCC.SDMMCFreq_Value=275000000
RCC.SPDIFRXFreq_Value=275000000
RCC.SPI123Freq_Value=275000000
RCC.SPI45Freq_Value=137500000
RCC.SPI6Freq_Value=137500000
RCC.SWPMI1Freq_Value=137500000
RCC.SYSCLKFreq_VALUE=550000000
RCC.SYSCLKSource=RCC_SYSCLKSOURCE_PLLCLK
RCC.SupplySource=PWR_DIRECT_SMPS_SUPPLY
RCC.Tim1OutputFreq_Value=275000000
RCC.Tim2OutputFreq_Value=275000000
RCC.TraceFreq_Value=64000000
RCC.USART16Freq_Value=137500000
RCC.USART234578Freq_Value=137500000
RCC.USBFreq_Value=275000000
RCC.VCO1OutputFreq_Value=550000000
RCC.VCO2OutputFreq_Value=400000000
RCC.VCO3OutputFreq_Value=288000000
RCC.VCOInput1Freq_Value=12500000
RCC.VCOInput2Freq_Value=5000000
RCC.VCOInput3Freq_Value=1000000
STMicroelectronics.X-CUBE-TOUCHGFX.4.18.1.ApplicationCcGraphicsJjApplication=TouchGFXOoGenerator
STMicroelectronics.X-CUBE-TOUCHGFX.4.18.1.GraphicsJjApplication_Checked=true
STMicroelectronics.X-CUBE-TOUCHGFX.4.18.1.IPParameters=tgfx_display_interface,tgfx_buffering_strategy,tgfx_vsync,tgfx_hardware_accelerator,tgfx_location,tgfx_address1,tgfx_address2,ApplicationCcGraphicsJjApplication
STMicroelectronics.X-CUBE-TOUCHGFX.4.18.1.tgfx_address1=0x70000000
STMicroelectronics.X-CUBE-TOUCHGFX.4.18.1.tgfx_address2=0x70060000
STMicroelectronics.X-CUBE-TOUCHGFX.4.18.1.tgfx_buffering_strategy=Double
STMicroelectronics.X-CUBE-TOUCHGFX.4.18.1.tgfx_display_interface=disp_ltdc
STMicroelectronics.X-CUBE-TOUCHGFX.4.18.1.tgfx_hardware_accelerator=dma_2d
STMicroelectronics.X-CUBE-TOUCHGFX.4.18.1.tgfx_location=By Address
STMicroelectronics.X-CUBE-TOUCHGFX.4.18.1.tgfx_vsync=vsync_ltdc
STMicroelectronics.X-CUBE-TOUCHGFX.4.18.1_SwParameter=ApplicationCcGraphicsJjApplication\:TouchGFXOoGenerator;
VP_CRC_VS_CRC.Mode=CRC_Activate
VP_CRC_VS_CRC.Signal=CRC_VS_CRC
VP_DMA2D_VS_DMA2D.Mode=DMA2D_Activate
VP_DMA2D_VS_DMA2D.Signal=DMA2D_VS_DMA2D
VP_FREERTOS_VS_CMSIS_V2.Mode=CMSIS_V2
VP_FREERTOS_VS_CMSIS_V2.Signal=FREERTOS_VS_CMSIS_V2
VP_OCTOSPI1_VS_octo.Mode=octo_mode
VP_OCTOSPI1_VS_octo.Signal=OCTOSPI1_VS_octo
VP_OCTOSPI2_VS_octo.Mode=hyperbus_mode
VP_OCTOSPI2_VS_octo.Signal=OCTOSPI2_VS_octo
VP_STMicroelectronics.X-CUBE-TOUCHGFX_VS_GraphicsJjApplication_4.18.1.Mode=GraphicsJjApplication
VP_STMicroelectronics.X-CUBE-TOUCHGFX_VS_GraphicsJjApplication_4.18.1.Signal=STMicroelectronics.X-CUBE-TOUCHGFX_VS_GraphicsJjApplication_4.18.1
VP_SYS_VS_tim6.Mode=TIM6
VP_SYS_VS_tim6.Signal=SYS_VS_tim6
board=custom
